
Microsoft Visual Studio Solution File, Format Version 12.00
# Visual Studio Version 17
VisualStudioVersion = 17.14.36121.58 d17.14
MinimumVisualStudioVersion = 10.0.40219.1
Project("{FAE04EC0-301F-11D3-BF4B-00C04F79EFBC}") = "CRMApp", "CRMApp.csproj", "{F988BCB5-B9BB-3E54-C430-ABA28ACCCD3C}"
EndProject
Global
	GlobalSection(SolutionConfigurationPlatforms) = preSolution
		Debug|Any CPU = Debug|Any CPU
		Release|Any CPU = Release|Any CPU
	EndGlobalSection
	GlobalSection(ProjectConfigurationPlatforms) = postSolution
		{F988BCB5-B9BB-3E54-C430-ABA28ACCCD3C}.Debug|Any CPU.ActiveCfg = Debug|Any CPU
		{F988BCB5-B9BB-3E54-C430-ABA28ACCCD3C}.Debug|Any CPU.Build.0 = Debug|Any CPU
		{F988BCB5-B9BB-3E54-C430-ABA28ACCCD3C}.Release|Any CPU.ActiveCfg = Release|Any CPU
		{F988BCB5-B9BB-3E54-C430-ABA28ACCCD3C}.Release|Any CPU.Build.0 = Release|Any CPU
	EndGlobalSection
	GlobalSection(SolutionProperties) = preSolution
		HideSolutionNode = FALSE
	EndGlobalSection
	GlobalSection(ExtensibilityGlobals) = postSolution
		SolutionGuid = {8E50F4D6-4050-4BE7-B556-64C9B674A98F}
	EndGlobalSection
EndGlobal
